
Microsoft Visual Studio Solution File, Format Version 12.00
# Visual Studio Version 17
VisualStudioVersion = 17.1.32421.90
MinimumVisualStudioVersion = 10.0.40219.1
Project("{FAE04EC0-301F-11D3-BF4B-00C04F79EFBC}") = "LibraryApp", "LibraryApp\LibraryApp.csproj", "{C2DBB4E9-29DA-4E1E-9D8E-0E26B0A23C9D}"
EndProject
Global
	GlobalSection(SolutionConfigurationPlatforms) = preSolution
		Debug|Any CPU = Debug|Any CPU
		Release|Any CPU = Release|Any CPU
	EndGlobalSection
	GlobalSection(ProjectConfigurationPlatforms) = postSolution
		{C2DBB4E9-29DA-4E1E-9D8E-0E26B0A23C9D}.Debug|Any CPU.ActiveCfg = Debug|Any CPU
		{C2DBB4E9-29DA-4E1E-9D8E-0E26B0A23C9D}.Debug|Any CPU.Build.0 = Debug|Any CPU
		{C2DBB4E9-29DA-4E1E-9D8E-0E26B0A23C9D}.Release|Any CPU.ActiveCfg = Release|Any CPU
		{C2DBB4E9-29DA-4E1E-9D8E-0E26B0A23C9D}.Release|Any CPU.Build.0 = Release|Any CPU
	EndGlobalSection
	GlobalSection(SolutionProperties) = preSolution
		HideSolutionNode = FALSE
	EndGlobalSection
	GlobalSection(ExtensibilityGlobals) = postSolution
		SolutionGuid = {6735833A-D541-402B-824C-FF9EA9463D3F}
	EndGlobalSection
EndGlobal
